{
  "requires": true,
  "lockfileVersion": 1,
  "dependencies": {
    "highcharts": {
      "version": "9.2.1",
      "resolved": "https://registry.npmjs.org/highcharts/-/highcharts-9.2.1.tgz",
      "integrity": "sha512-MVovbnlD0+QsBSjVd1kgJNjq7xkzJ6dTebOQ+15pBYuYiEfTJpJZdVXeWSjMzbNmhDXN5rHC5uCGWGwK8YcSYQ=="
    }
  }
}
